
Microsoft Visual Studio Solution File, Format Version 12.00
# Visual Studio Version 17
VisualStudioVersion = 17.5.002.0
MinimumVisualStudioVersion = 10.0.40219.1
Project("{9A19103F-16F7-4668-BE54-9A1E7A4F7556}") = "WebApp", "WebApp\WebApp.csproj", "{5C15191A-8BA9-49CC-AC83-482B46034490}"
EndProject
Global
	GlobalSection(SolutionConfigurationPlatforms) = preSolution
		Debug|Any CPU = Debug|Any CPU
		Release|Any CPU = Release|Any CPU
	EndGlobalSection
	GlobalSection(ProjectConfigurationPlatforms) = postSolution
		{5C15191A-8BA9-49CC-AC83-482B46034490}.Debug|Any CPU.ActiveCfg = Debug|Any CPU
		{5C15191A-8BA9-49CC-AC83-482B46034490}.Debug|Any CPU.Build.0 = Debug|Any CPU
		{5C15191A-8BA9-49CC-AC83-482B46034490}.Release|Any CPU.ActiveCfg = Release|Any CPU
		{5C15191A-8BA9-49CC-AC83-482B46034490}.Release|Any CPU.Build.0 = Release|Any CPU
	EndGlobalSection
	GlobalSection(SolutionProperties) = preSolution
		HideSolutionNode = FALSE
	EndGlobalSection
	GlobalSection(ExtensibilityGlobals) = postSolution
		SolutionGuid = {454D29A5-6B3E-4B01-BE1B-8ED964A312D2}
	EndGlobalSection
EndGlobal
